
Microsoft Visual Studio Solution File, Format Version 12.00
# Visual Studio Version 17
VisualStudioVersion = 17.0.31903.59
MinimumVisualStudioVersion = 10.0.40219.1
Project("{2150E333-8FDC-42A3-9474-1A3956D46DE8}") = "src", "src", "{827E0CD3-B72D-47B6-A68D-7590B98EB39B}"
EndProject
Project("{FAE04EC0-301F-11D3-BF4B-00C04F79EFBC}") = "Heh8080.Core", "src\Heh8080.Core\Heh8080.Core.csproj", "{E336A2CE-28CE-48FC-969F-C4B261209C4B}"
EndProject
Project("{FAE04EC0-301F-11D3-BF4B-00C04F79EFBC}") = "Heh8080.Devices", "src\Heh8080.Devices\Heh8080.Devices.csproj", "{3B13A215-C87D-42E5-91DE-C9C44CC83869}"
EndProject
Project("{FAE04EC0-301F-11D3-BF4B-00C04F79EFBC}") = "Heh8080.Desktop", "src\Heh8080.Desktop\Heh8080.Desktop.csproj", "{0B8AAECA-2366-48F9-BADF-F2AE7ED7DCE2}"
EndProject
Project("{FAE04EC0-301F-11D3-BF4B-00C04F79EFBC}") = "Heh8080.Browser", "src\Heh8080.Browser\Heh8080.Browser.csproj", "{748AECBF-3EBC-408B-90D8-E24BAE7C6760}"
EndProject
Project("{2150E333-8FDC-42A3-9474-1A3956D46DE8}") = "tests", "tests", "{0AB3BF05-4346-4AA6-1389-037BE0695223}"
EndProject
Project("{FAE04EC0-301F-11D3-BF4B-00C04F79EFBC}") = "Heh8080.Tests", "tests\Heh8080.Tests\Heh8080.Tests.csproj", "{FBBCA267-121D-4E9B-9C9E-61AC7DF0770F}"
EndProject
Global
	GlobalSection(SolutionConfigurationPlatforms) = preSolution
		Debug|Any CPU = Debug|Any CPU
		Debug|x64 = Debug|x64
		Debug|x86 = Debug|x86
		Release|Any CPU = Release|Any CPU
		Release|x64 = Release|x64
		Release|x86 = Release|x86
	EndGlobalSection
	GlobalSection(ProjectConfigurationPlatforms) = postSolution
		{E336A2CE-28CE-48FC-969F-C4B261209C4B}.Debug|Any CPU.ActiveCfg = Debug|Any CPU
		{E336A2CE-28CE-48FC-969F-C4B261209C4B}.Debug|Any CPU.Build.0 = Debug|Any CPU
		{E336A2CE-28CE-48FC-969F-C4B261209C4B}.Debug|x64.ActiveCfg = Debug|Any CPU
		{E336A2CE-28CE-48FC-969F-C4B261209C4B}.Debug|x64.Build.0 = Debug|Any CPU
		{E336A2CE-28CE-48FC-969F-C4B261209C4B}.Debug|x86.ActiveCfg = Debug|Any CPU
		{E336A2CE-28CE-48FC-969F-C4B261209C4B}.Debug|x86.Build.0 = Debug|Any CPU
		{E336A2CE-28CE-48FC-969F-C4B261209C4B}.Release|Any CPU.ActiveCfg = Release|Any CPU
		{E336A2CE-28CE-48FC-969F-C4B261209C4B}.Release|Any CPU.Build.0 = Release|Any CPU
		{E336A2CE-28CE-48FC-969F-C4B261209C4B}.Release|x64.ActiveCfg = Release|Any CPU
		{E336A2CE-28CE-48FC-969F-C4B261209C4B}.Release|x64.Build.0 = Release|Any CPU
		{E336A2CE-28CE-48FC-969F-C4B261209C4B}.Release|x86.ActiveCfg = Release|Any CPU
		{E336A2CE-28CE-48FC-969F-C4B261209C4B}.Release|x86.Build.0 = Release|Any CPU
		{3B13A215-C87D-42E5-91DE-C9C44CC83869}.Debug|Any CPU.ActiveCfg = Debug|Any CPU
		{3B13A215-C87D-42E5-91DE-C9C44CC83869}.Debug|Any CPU.Build.0 = Debug|Any CPU
		{3B13A215-C87D-42E5-91DE-C9C44CC83869}.Debug|x64.ActiveCfg = Debug|Any CPU
		{3B13A215-C87D-42E5-91DE-C9C44CC83869}.Debug|x64.Build.0 = Debug|Any CPU
		{3B13A215-C87D-42E5-91DE-C9C44CC83869}.Debug|x86.ActiveCfg = Debug|Any CPU
		{3B13A215-C87D-42E5-91DE-C9C44CC83869}.Debug|x86.Build.0 = Debug|Any CPU
		{3B13A215-C87D-42E5-91DE-C9C44CC83869}.Release|Any CPU.ActiveCfg = Release|Any CPU
		{3B13A215-C87D-42E5-91DE-C9C44CC83869}.Release|Any CPU.Build.0 = Release|Any CPU
		{3B13A215-C87D-42E5-91DE-C9C44CC83869}.Release|x64.ActiveCfg = Release|Any CPU
		{3B13A215-C87D-42E5-91DE-C9C44CC83869}.Release|x64.Build.0 = Release|Any CPU
		{3B13A215-C87D-42E5-91DE-C9C44CC83869}.Release|x86.ActiveCfg = Release|Any CPU
		{3B13A215-C87D-42E5-91DE-C9C44CC83869}.Release|x86.Build.0 = Release|Any CPU
		{0B8AAECA-2366-48F9-BADF-F2AE7ED7DCE2}.Debug|Any CPU.ActiveCfg = Debug|Any CPU
		{0B8AAECA-2366-48F9-BADF-F2AE7ED7DCE2}.Debug|Any CPU.Build.0 = Debug|Any CPU
		{0B8AAECA-2366-48F9-BADF-F2AE7ED7DCE2}.Debug|x64.ActiveCfg = Debug|Any CPU
		{0B8AAECA-2366-48F9-BADF-F2AE7ED7DCE2}.Debug|x64.Build.0 = Debug|Any CPU
		{0B8AAECA-2366-48F9-BADF-F2AE7ED7DCE2}.Debug|x86.ActiveCfg = Debug|Any CPU
		{0B8AAECA-2366-48F9-BADF-F2AE7ED7DCE2}.Debug|x86.Build.0 = Debug|Any CPU
		{0B8AAECA-2366-48F9-BADF-F2AE7ED7DCE2}.Release|Any CPU.ActiveCfg = Release|Any CPU
		{0B8AAECA-2366-48F9-BADF-F2AE7ED7DCE2}.Release|Any CPU.Build.0 = Release|Any CPU
		{0B8AAECA-2366-48F9-BADF-F2AE7ED7DCE2}.Release|x64.ActiveCfg = Release|Any CPU
		{0B8AAECA-2366-48F9-BADF-F2AE7ED7DCE2}.Release|x64.Build.0 = Release|Any CPU
		{0B8AAECA-2366-48F9-BADF-F2AE7ED7DCE2}.Release|x86.ActiveCfg = Release|Any CPU
		{0B8AAECA-2366-48F9-BADF-F2AE7ED7DCE2}.Release|x86.Build.0 = Release|Any CPU
		{748AECBF-3EBC-408B-90D8-E24BAE7C6760}.Debug|Any CPU.ActiveCfg = Debug|Any CPU
		{748AECBF-3EBC-408B-90D8-E24BAE7C6760}.Debug|Any CPU.Build.0 = Debug|Any CPU
		{748AECBF-3EBC-408B-90D8-E24BAE7C6760}.Debug|x64.ActiveCfg = Debug|Any CPU
		{748AECBF-3EBC-408B-90D8-E24BAE7C6760}.Debug|x64.Build.0 = Debug|Any CPU
		{748AECBF-3EBC-408B-90D8-E24BAE7C6760}.Debug|x86.ActiveCfg = Debug|Any CPU
		{748AECBF-3EBC-408B-90D8-E24BAE7C6760}.Debug|x86.Build.0 = Debug|Any CPU
		{748AECBF-3EBC-408B-90D8-E24BAE7C6760}.Release|Any CPU.ActiveCfg = Release|Any CPU
		{748AECBF-3EBC-408B-90D8-E24BAE7C6760}.Release|Any CPU.Build.0 = Release|Any CPU
		{748AECBF-3EBC-408B-90D8-E24BAE7C6760}.Release|x64.ActiveCfg = Release|Any CPU
		{748AECBF-3EBC-408B-90D8-E24BAE7C6760}.Release|x64.Build.0 = Release|Any CPU
		{748AECBF-3EBC-408B-90D8-E24BAE7C6760}.Release|x86.ActiveCfg = Release|Any CPU
		{748AECBF-3EBC-408B-90D8-E24BAE7C6760}.Release|x86.Build.0 = Release|Any CPU
		{FBBCA267-121D-4E9B-9C9E-61AC7DF0770F}.Debug|Any CPU.ActiveCfg = Debug|Any CPU
		{FBBCA267-121D-4E9B-9C9E-61AC7DF0770F}.Debug|Any CPU.Build.0 = Debug|Any CPU
		{FBBCA267-121D-4E9B-9C9E-61AC7DF0770F}.Debug|x64.ActiveCfg = Debug|Any CPU
		{FBBCA267-121D-4E9B-9C9E-61AC7DF0770F}.Debug|x64.Build.0 = Debug|Any CPU
		{FBBCA267-121D-4E9B-9C9E-61AC7DF0770F}.Debug|x86.ActiveCfg = Debug|Any CPU
		{FBBCA267-121D-4E9B-9C9E-61AC7DF0770F}.Debug|x86.Build.0 = Debug|Any CPU
		{FBBCA267-121D-4E9B-9C9E-61AC7DF0770F}.Release|Any CPU.ActiveCfg = Release|Any CPU
		{FBBCA267-121D-4E9B-9C9E-61AC7DF0770F}.Release|Any CPU.Build.0 = Release|Any CPU
		{FBBCA267-121D-4E9B-9C9E-61AC7DF0770F}.Release|x64.ActiveCfg = Release|Any CPU
		{FBBCA267-121D-4E9B-9C9E-61AC7DF0770F}.Release|x64.Build.0 = Release|Any CPU
		{FBBCA267-121D-4E9B-9C9E-61AC7DF0770F}.Release|x86.ActiveCfg = Release|Any CPU
		{FBBCA267-121D-4E9B-9C9E-61AC7DF0770F}.Release|x86.Build.0 = Release|Any CPU
	EndGlobalSection
	GlobalSection(SolutionProperties) = preSolution
		HideSolutionNode = FALSE
	EndGlobalSection
	GlobalSection(NestedProjects) = preSolution
		{E336A2CE-28CE-48FC-969F-C4B261209C4B} = {827E0CD3-B72D-47B6-A68D-7590B98EB39B}
		{3B13A215-C87D-42E5-91DE-C9C44CC83869} = {827E0CD3-B72D-47B6-A68D-7590B98EB39B}
		{0B8AAECA-2366-48F9-BADF-F2AE7ED7DCE2} = {827E0CD3-B72D-47B6-A68D-7590B98EB39B}
		{748AECBF-3EBC-408B-90D8-E24BAE7C6760} = {827E0CD3-B72D-47B6-A68D-7590B98EB39B}
		{FBBCA267-121D-4E9B-9C9E-61AC7DF0770F} = {0AB3BF05-4346-4AA6-1389-037BE0695223}
	EndGlobalSection
EndGlobal
